<?xml version="1.0" encoding="utf-8"?>
<Project ToolsVersion="4.0" xmlns="http://schemas.microsoft.com/developer/msbuild/2003">
  <ItemGroup>
    <Filter Include="Components">
      <UniqueIdentifier>{de740574-8968-415e-a869-0beb66955679}</UniqueIdentifier>
    </Filter>
    <Filter Include="Managers">
      <UniqueIdentifier>{e9ca1c96-ce50-4d59-bdbc-0268a443cb81}</UniqueIdentifier>
    </Filter>
    <Filter Include="Core">
      <UniqueIdentifier>{0d8548d1-99a8-45de-a7e6-43af7bde593a}</UniqueIdentifier>
    </Filter>
    <Filter Include="Memory">
      <UniqueIdentifier>{6ed62ec5-776d-47db-bee1-9b5d546c1793}</UniqueIdentifier>
    </Filter>
    <Filter Include="Input">
      <UniqueIdentifier>{6eacfc61-63a3-483b-b1b0-56f85f701a05}</UniqueIdentifier>
    </Filter>
    <Filter Include="SceneGraph">
      <UniqueIdentifier>{c2b60272-c9dc-450a-a6b7-4ad6359d9f29}</UniqueIdentifier>
    </Filter>
    <Filter Include="Helpers">
      <UniqueIdentifier>{93995380-89BD-4b04-88EB-625FBE52EBFB}</UniqueIdentifier>
      <Extensions>h;hh;hpp;hxx;hm;inl;inc;ipp;xsd</Extensions>
    </Filter>
    <Filter Include="ImGui">
      <UniqueIdentifier>{eb85ecb2-e436-45d3-ad53-b283e3796540}</UniqueIdentifier>
    </Filter>
    <Filter Include="Graphics">
      <UniqueIdentifier>{fd55f817-9ecb-46cc-9541-d45cb19b936f}</UniqueIdentifier>
    </Filter>
  </ItemGroup>
  <ItemGroup>
    <ClInclude Include="Font.h">
      <Filter>Helpers</Filter>
    </ClInclude>
    <ClInclude Include="Tools.h">
      <Filter>Helpers</Filter>
    </ClInclude>
    <ClInclude Include="imconfig.h">
      <Filter>ImGui</Filter>
    </ClInclude>
    <ClInclude Include="imgui.h">
      <Filter>ImGui</Filter>
    </ClInclude>
    <ClInclude Include="imgui_internal.h">
      <Filter>ImGui</Filter>
    </ClInclude>
    <ClInclude Include="imgui_sdl.h">
      <Filter>ImGui</Filter>
    </ClInclude>
    <ClInclude Include="imstb_rectpack.h">
      <Filter>ImGui</Filter>
    </ClInclude>
    <ClInclude Include="imstb_textedit.h">
      <Filter>ImGui</Filter>
    </ClInclude>
    <ClInclude Include="imstb_truetype.h">
      <Filter>ImGui</Filter>
    </ClInclude>
    <ClInclude Include="BaseComponent.h">
      <Filter>Components</Filter>
    </ClInclude>
    <ClInclude Include="FPSComponent.h">
      <Filter>Components</Filter>
    </ClInclude>
    <ClInclude Include="RenderComponent.h">
      <Filter>Components</Filter>
    </ClInclude>
    <ClInclude Include="TextComponent.h">
      <Filter>Components</Filter>
    </ClInclude>
    <ClInclude Include="Transform.h">
      <Filter>Components</Filter>
    </ClInclude>
    <ClInclude Include="PlayerController.h">
      <Filter>Components</Filter>
    </ClInclude>
    <ClInclude Include="InputManager.h">
      <Filter>Managers</Filter>
    </ClInclude>
    <ClInclude Include="ResourceManager.h">
      <Filter>Managers</Filter>
    </ClInclude>
    <ClInclude Include="SceneManager.h">
      <Filter>Managers</Filter>
    </ClInclude>
    <ClInclude Include="Singleton.h">
      <Filter>Managers</Filter>
    </ClInclude>
    <ClInclude Include="Time.h">
      <Filter>Managers</Filter>
    </ClInclude>
    <ClInclude Include="targetver.h">
      <Filter>Core</Filter>
    </ClInclude>
    <ClInclude Include="FuelEnginePCH.h">
      <Filter>Core</Filter>
    </ClInclude>
    <ClInclude Include="FixedAllocator.h">
      <Filter>Memory</Filter>
    </ClInclude>
    <ClInclude Include="MemoryAllocator.h">
      <Filter>Memory</Filter>
    </ClInclude>
    <ClInclude Include="MemoryContainer.h">
      <Filter>Memory</Filter>
    </ClInclude>
    <ClInclude Include="Commands.h">
      <Filter>Input</Filter>
    </ClInclude>
    <ClInclude Include="InputBinding.h">
      <Filter>Input</Filter>
    </ClInclude>
    <ClInclude Include="GameObject.h">
      <Filter>SceneGraph</Filter>
    </ClInclude>
    <ClInclude Include="Scene.h">
      <Filter>SceneGraph</Filter>
    </ClInclude>
    <ClInclude Include="SceneObject.h">
      <Filter>SceneGraph</Filter>
    </ClInclude>
    <ClInclude Include="Renderer.h">
      <Filter>Graphics</Filter>
    </ClInclude>
    <ClInclude Include="Texture2D.h">
      <Filter>Graphics</Filter>
    </ClInclude>
    <ClInclude Include="EngineSettings.h">
      <Filter>Core</Filter>
    </ClInclude>
    <ClInclude Include="VibrationComponent.h">
      <Filter>Components</Filter>
    </ClInclude>
    <ClInclude Include="Logger.h">
      <Filter>Helpers</Filter>
    </ClInclude>
    <ClInclude Include="FuelEngine.h">
      <Filter>Core</Filter>
    </ClInclude>
    <ClInclude Include="Editor.h">
      <Filter>Core</Filter>
    </ClInclude>
    <ClInclude Include="BoxCollider.h">
      <Filter>Components</Filter>
    </ClInclude>
    <ClInclude Include="SphereCollider.h">
      <Filter>Components</Filter>
    </ClInclude>
    <ClInclude Include="BaseCollider.h">
      <Filter>Components</Filter>
    </ClInclude>
    <ClInclude Include="RigidBody2D.h">
      <Filter>Components</Filter>
    </ClInclude>
    <ClInclude Include="EngineComponents.h">
      <Filter>Components</Filter>
    </ClInclude>
    <ClInclude Include="SoundManager.h">
      <Filter>Managers</Filter>
    </ClInclude>
  </ItemGroup>
  <ItemGroup>
    <ClCompile Include="imgui.cpp">
      <Filter>ImGui</Filter>
    </ClCompile>
    <ClCompile Include="imgui_demo.cpp">
      <Filter>ImGui</Filter>
    </ClCompile>
    <ClCompile Include="imgui_draw.cpp">
      <Filter>ImGui</Filter>
    </ClCompile>
    <ClCompile Include="imgui_sdl.cpp">
      <Filter>ImGui</Filter>
    </ClCompile>
    <ClCompile Include="imgui_widgets.cpp">
      <Filter>ImGui</Filter>
    </ClCompile>
    <ClCompile Include="FPSComponent.cpp">
      <Filter>Components</Filter>
    </ClCompile>
    <ClCompile Include="PlayerController.cpp">
      <Filter>Components</Filter>
    </ClCompile>
    <ClCompile Include="RenderComponent.cpp">
      <Filter>Components</Filter>
    </ClCompile>
    <ClCompile Include="TextComponent.cpp">
      <Filter>Components</Filter>
    </ClCompile>
    <ClCompile Include="Transform.cpp">
      <Filter>Components</Filter>
    </ClCompile>
    <ClCompile Include="InputManager.cpp">
      <Filter>Managers</Filter>
    </ClCompile>
    <ClCompile Include="ResourceManager.cpp">
      <Filter>Managers</Filter>
    </ClCompile>
    <ClCompile Include="SceneManager.cpp">
      <Filter>Managers</Filter>
    </ClCompile>
    <ClCompile Include="Time.cpp">
      <Filter>Managers</Filter>
    </ClCompile>
    <ClCompile Include="FuelEnginePCH.cpp">
      <Filter>Core</Filter>
    </ClCompile>
    <ClCompile Include="InputBinding.cpp">
      <Filter>Input</Filter>
    </ClCompile>
    <ClCompile Include="Scene.cpp">
      <Filter>SceneGraph</Filter>
    </ClCompile>
    <ClCompile Include="GameObject.cpp">
      <Filter>SceneGraph</Filter>
    </ClCompile>
    <ClCompile Include="Font.cpp">
      <Filter>Helpers</Filter>
    </ClCompile>
    <ClCompile Include="Texture2DTests.cpp">
      <Filter>Helpers</Filter>
    </ClCompile>
    <ClCompile Include="Renderer.cpp">
      <Filter>Graphics</Filter>
    </ClCompile>
    <ClCompile Include="Texture2D.cpp">
      <Filter>Graphics</Filter>
    </ClCompile>
    <ClCompile Include="VibrationComponent.cpp">
      <Filter>Components</Filter>
    </ClCompile>
    <ClCompile Include="FuelEngine.cpp">
      <Filter>Core</Filter>
    </ClCompile>
    <ClCompile Include="Editor.cpp">
      <Filter>Core</Filter>
    </ClCompile>
    <ClCompile Include="BoxCollider.cpp">
      <Filter>Components</Filter>
    </ClCompile>
    <ClCompile Include="SphereCollider.cpp">
      <Filter>Components</Filter>
    </ClCompile>
    <ClCompile Include="RigidBody2D.cpp">
      <Filter>Components</Filter>
    </ClCompile>
    <ClCompile Include="SoundManager.cpp">
      <Filter>Managers</Filter>
    </ClCompile>
  </ItemGroup>
</Project>